// !$*UTF8*$!
{
	archiveVersion = 1;
	classes = {
	};
	objectVersion = 46;
	objects = {

/* Begin PBXBuildFile section */
		724EC5441CA1AE2F00D2159D /* GradeSchoolTest.swift in Sources */ = {isa = PBXBuildFile; fileRef = 724EC5421CA1AE2F00D2159D /* GradeSchoolTest.swift */; };
		724EC5451CA1AE2F00D2159D /* README.md in Sources */ = {isa = PBXBuildFile; fileRef = 724EC5431CA1AE2F00D2159D /* README.md */; };
		724EC5471CA1AE5900D2159D /* GradeSchool.swift in Sources */ = {isa = PBXBuildFile; fileRef = 724EC5461CA1AE5900D2159D /* GradeSchool.swift */; };
		729779941C977354002092A9 /* AppDelegate.swift in Sources */ = {isa = PBXBuildFile; fileRef = 729779931C977354002092A9 /* AppDelegate.swift */; };
		729779961C977354002092A9 /* ViewController.swift in Sources */ = {isa = PBXBuildFile; fileRef = 729779951C977354002092A9 /* ViewController.swift */; };
		729779991C977354002092A9 /* Main.storyboard in Resources */ = {isa = PBXBuildFile; fileRef = 729779971C977354002092A9 /* Main.storyboard */; };
		7297799B1C977354002092A9 /* Assets.xcassets in Resources */ = {isa = PBXBuildFile; fileRef = 7297799A1C977354002092A9 /* Assets.xcassets */; };
		7297799E1C977354002092A9 /* LaunchScreen.storyboard in Resources */ = {isa = PBXBuildFile; fileRef = 7297799C1C977354002092A9 /* LaunchScreen.storyboard */; };
		729779B71C97755F002092A9 /* MyExercismSwiftTests.swift in Sources */ = {isa = PBXBuildFile; fileRef = 729779B61C97755F002092A9 /* MyExercismSwiftTests.swift */; };
		729779BD1C9776AA002092A9 /* LeapTest.swift in Sources */ = {isa = PBXBuildFile; fileRef = 729779BA1C9776AA002092A9 /* LeapTest.swift */; };
		729779BE1C9776AA002092A9 /* README.md in Sources */ = {isa = PBXBuildFile; fileRef = 729779BB1C9776AA002092A9 /* README.md */; };
		729779BF1C9776AA002092A9 /* Year.swift in Sources */ = {isa = PBXBuildFile; fileRef = 729779BC1C9776AA002092A9 /* Year.swift */; };
		729779C61C977774002092A9 /* HammingTest.swift in Sources */ = {isa = PBXBuildFile; fileRef = 729779C41C977774002092A9 /* HammingTest.swift */; };
		729779C71C977774002092A9 /* README.md in Sources */ = {isa = PBXBuildFile; fileRef = 729779C51C977774002092A9 /* README.md */; };
		729779C91C986E57002092A9 /* Hamming.swift in Sources */ = {isa = PBXBuildFile; fileRef = 729779C81C986E56002092A9 /* Hamming.swift */; };
		729779CD1C9AEAE4002092A9 /* README.md in Sources */ = {isa = PBXBuildFile; fileRef = 729779CB1C9AEAE4002092A9 /* README.md */; };
		729779CE1C9AEAE4002092A9 /* WordCountTest.swift in Sources */ = {isa = PBXBuildFile; fileRef = 729779CC1C9AEAE4002092A9 /* WordCountTest.swift */; };
		729779D01C9AEB04002092A9 /* WordCount.swift in Sources */ = {isa = PBXBuildFile; fileRef = 729779CF1C9AEB04002092A9 /* WordCount.swift */; };
		729779D41C9C3BD1002092A9 /* EtlTest.swift in Sources */ = {isa = PBXBuildFile; fileRef = 729779D21C9C3BD1002092A9 /* EtlTest.swift */; };
		729779D51C9C3BD1002092A9 /* README.md in Sources */ = {isa = PBXBuildFile; fileRef = 729779D31C9C3BD1002092A9 /* README.md */; };
		729779D71C9C3C75002092A9 /* Etl.swift in Sources */ = {isa = PBXBuildFile; fileRef = 729779D61C9C3C75002092A9 /* Etl.swift */; };
		729779DB1C9C4A6A002092A9 /* AnagramTest.swift in Sources */ = {isa = PBXBuildFile; fileRef = 729779D91C9C4A6A002092A9 /* AnagramTest.swift */; };
		729779DC1C9C4A6A002092A9 /* README.md in Sources */ = {isa = PBXBuildFile; fileRef = 729779DA1C9C4A6A002092A9 /* README.md */; };
		729779DE1C9C4AFC002092A9 /* Anagram.swift in Sources */ = {isa = PBXBuildFile; fileRef = 729779DD1C9C4AFC002092A9 /* Anagram.swift */; };
		729779E21C9DAAF9002092A9 /* NucleotideCountTest.swift in Sources */ = {isa = PBXBuildFile; fileRef = 729779E01C9DAAF9002092A9 /* NucleotideCountTest.swift */; };
		729779E31C9DAAF9002092A9 /* README.md in Sources */ = {isa = PBXBuildFile; fileRef = 729779E11C9DAAF9002092A9 /* README.md */; };
		729779E51C9DAB26002092A9 /* NucleotideCount.swift in Sources */ = {isa = PBXBuildFile; fileRef = 729779E41C9DAB26002092A9 /* NucleotideCount.swift */; };
		72A6BF5D1CA57D1A00136343 /* README.md in Sources */ = {isa = PBXBuildFile; fileRef = 72A6BF5B1CA57D1A00136343 /* README.md */; };
		72A6BF5E1CA57D1A00136343 /* RobotNameTest.swift in Sources */ = {isa = PBXBuildFile; fileRef = 72A6BF5C1CA57D1A00136343 /* RobotNameTest.swift */; };
		72A6BF601CA57D4A00136343 /* RobotName.swift in Sources */ = {isa = PBXBuildFile; fileRef = 72A6BF5F1CA57D4A00136343 /* RobotName.swift */; };
		72A6BF641CA6BFCF00136343 /* PerfectNumbersTest.swift in Sources */ = {isa = PBXBuildFile; fileRef = 72A6BF621CA6BFCF00136343 /* PerfectNumbersTest.swift */; };
		72A6BF651CA6BFCF00136343 /* README.md in Sources */ = {isa = PBXBuildFile; fileRef = 72A6BF631CA6BFCF00136343 /* README.md */; };
		72A6BF671CA6C0B200136343 /* NumberClassifier.swift in Sources */ = {isa = PBXBuildFile; fileRef = 72A6BF661CA6C0B200136343 /* NumberClassifier.swift */; };
		72D30E121C9F0DF30005AD19 /* PhoneNumberTest.swift in Sources */ = {isa = PBXBuildFile; fileRef = 72D30E101C9F0DF30005AD19 /* PhoneNumberTest.swift */; };
		72D30E131C9F0DF30005AD19 /* README.md in Sources */ = {isa = PBXBuildFile; fileRef = 72D30E111C9F0DF30005AD19 /* README.md */; };
		72D30E151C9F0E130005AD19 /* PhoneNumber.swift in Sources */ = {isa = PBXBuildFile; fileRef = 72D30E141C9F0E130005AD19 /* PhoneNumber.swift */; };
/* End PBXBuildFile section */

/* Begin PBXContainerItemProxy section */
		729779A51C977355002092A9 /* PBXContainerItemProxy */ = {
			isa = PBXContainerItemProxy;
			containerPortal = 729779881C977353002092A9 /* Project object */;
			proxyType = 1;
			remoteGlobalIDString = 7297798F1C977354002092A9;
			remoteInfo = MyExercismSwift;
		};
/* End PBXContainerItemProxy section */

/* Begin PBXFileReference section */
		724EC5421CA1AE2F00D2159D /* GradeSchoolTest.swift */ = {isa = PBXFileReference; fileEncoding = 4; lastKnownFileType = sourcecode.swift; path = GradeSchoolTest.swift; sourceTree = "<group>"; };
		724EC5431CA1AE2F00D2159D /* README.md */ = {isa = PBXFileReference; fileEncoding = 4; lastKnownFileType = net.daringfireball.markdown; path = README.md; sourceTree = "<group>"; };
		724EC5461CA1AE5900D2159D /* GradeSchool.swift */ = {isa = PBXFileReference; fileEncoding = 4; lastKnownFileType = sourcecode.swift; path = GradeSchool.swift; sourceTree = "<group>"; };
		729779901C977354002092A9 /* MyExercismSwift.app */ = {isa = PBXFileReference; explicitFileType = wrapper.application; includeInIndex = 0; path = MyExercismSwift.app; sourceTree = BUILT_PRODUCTS_DIR; };
		729779931C977354002092A9 /* AppDelegate.swift */ = {isa = PBXFileReference; lastKnownFileType = sourcecode.swift; path = AppDelegate.swift; sourceTree = "<group>"; };
		729779951C977354002092A9 /* ViewController.swift */ = {isa = PBXFileReference; lastKnownFileType = sourcecode.swift; path = ViewController.swift; sourceTree = "<group>"; };
		729779981C977354002092A9 /* Base */ = {isa = PBXFileReference; lastKnownFileType = file.storyboard; name = Base; path = Base.lproj/Main.storyboard; sourceTree = "<group>"; };
		7297799A1C977354002092A9 /* Assets.xcassets */ = {isa = PBXFileReference; lastKnownFileType = folder.assetcatalog; path = Assets.xcassets; sourceTree = "<group>"; };
		7297799D1C977354002092A9 /* Base */ = {isa = PBXFileReference; lastKnownFileType = file.storyboard; name = Base; path = Base.lproj/LaunchScreen.storyboard; sourceTree = "<group>"; };
		7297799F1C977354002092A9 /* Info.plist */ = {isa = PBXFileReference; lastKnownFileType = text.plist.xml; path = Info.plist; sourceTree = "<group>"; };
		729779A41C977355002092A9 /* MyExercismSwiftTests.xctest */ = {isa = PBXFileReference; explicitFileType = wrapper.cfbundle; includeInIndex = 0; path = MyExercismSwiftTests.xctest; sourceTree = BUILT_PRODUCTS_DIR; };
		729779AA1C977355002092A9 /* Info.plist */ = {isa = PBXFileReference; lastKnownFileType = text.plist.xml; path = Info.plist; sourceTree = "<group>"; };
		729779B61C97755F002092A9 /* MyExercismSwiftTests.swift */ = {isa = PBXFileReference; fileEncoding = 4; lastKnownFileType = sourcecode.swift; path = MyExercismSwiftTests.swift; sourceTree = "<group>"; };
		729779BA1C9776AA002092A9 /* LeapTest.swift */ = {isa = PBXFileReference; fileEncoding = 4; lastKnownFileType = sourcecode.swift; name = LeapTest.swift; path = leap/LeapTest.swift; sourceTree = "<group>"; };
		729779BB1C9776AA002092A9 /* README.md */ = {isa = PBXFileReference; fileEncoding = 4; lastKnownFileType = net.daringfireball.markdown; name = README.md; path = leap/README.md; sourceTree = "<group>"; };
		729779BC1C9776AA002092A9 /* Year.swift */ = {isa = PBXFileReference; fileEncoding = 4; lastKnownFileType = sourcecode.swift; name = Year.swift; path = leap/Year.swift; sourceTree = "<group>"; };
		729779C41C977774002092A9 /* HammingTest.swift */ = {isa = PBXFileReference; fileEncoding = 4; lastKnownFileType = sourcecode.swift; path = HammingTest.swift; sourceTree = "<group>"; };
		729779C51C977774002092A9 /* README.md */ = {isa = PBXFileReference; fileEncoding = 4; lastKnownFileType = net.daringfireball.markdown; path = README.md; sourceTree = "<group>"; };
		729779C81C986E56002092A9 /* Hamming.swift */ = {isa = PBXFileReference; fileEncoding = 4; lastKnownFileType = sourcecode.swift; path = Hamming.swift; sourceTree = "<group>"; };
		729779CB1C9AEAE4002092A9 /* README.md */ = {isa = PBXFileReference; fileEncoding = 4; lastKnownFileType = net.daringfireball.markdown; path = README.md; sourceTree = "<group>"; };
		729779CC1C9AEAE4002092A9 /* WordCountTest.swift */ = {isa = PBXFileReference; fileEncoding = 4; lastKnownFileType = sourcecode.swift; path = WordCountTest.swift; sourceTree = "<group>"; };
		729779CF1C9AEB04002092A9 /* WordCount.swift */ = {isa = PBXFileReference; fileEncoding = 4; lastKnownFileType = sourcecode.swift; path = WordCount.swift; sourceTree = "<group>"; };
		729779D21C9C3BD1002092A9 /* EtlTest.swift */ = {isa = PBXFileReference; fileEncoding = 4; lastKnownFileType = sourcecode.swift; path = EtlTest.swift; sourceTree = "<group>"; };
		729779D31C9C3BD1002092A9 /* README.md */ = {isa = PBXFileReference; fileEncoding = 4; lastKnownFileType = net.daringfireball.markdown; path = README.md; sourceTree = "<group>"; };
		729779D61C9C3C75002092A9 /* Etl.swift */ = {isa = PBXFileReference; fileEncoding = 4; lastKnownFileType = sourcecode.swift; path = Etl.swift; sourceTree = "<group>"; };
		729779D91C9C4A6A002092A9 /* AnagramTest.swift */ = {isa = PBXFileReference; fileEncoding = 4; lastKnownFileType = sourcecode.swift; path = AnagramTest.swift; sourceTree = "<group>"; };
		729779DA1C9C4A6A002092A9 /* README.md */ = {isa = PBXFileReference; fileEncoding = 4; lastKnownFileType = net.daringfireball.markdown; path = README.md; sourceTree = "<group>"; };
		729779DD1C9C4AFC002092A9 /* Anagram.swift */ = {isa = PBXFileReference; fileEncoding = 4; lastKnownFileType = sourcecode.swift; path = Anagram.swift; sourceTree = "<group>"; };
		729779E01C9DAAF9002092A9 /* NucleotideCountTest.swift */ = {isa = PBXFileReference; fileEncoding = 4; lastKnownFileType = sourcecode.swift; path = NucleotideCountTest.swift; sourceTree = "<group>"; };
		729779E11C9DAAF9002092A9 /* README.md */ = {isa = PBXFileReference; fileEncoding = 4; lastKnownFileType = net.daringfireball.markdown; path = README.md; sourceTree = "<group>"; };
		729779E41C9DAB26002092A9 /* NucleotideCount.swift */ = {isa = PBXFileReference; fileEncoding = 4; lastKnownFileType = sourcecode.swift; path = NucleotideCount.swift; sourceTree = "<group>"; };
		72A6BF5B1CA57D1A00136343 /* README.md */ = {isa = PBXFileReference; fileEncoding = 4; lastKnownFileType = net.daringfireball.markdown; path = README.md; sourceTree = "<group>"; };
		72A6BF5C1CA57D1A00136343 /* RobotNameTest.swift */ = {isa = PBXFileReference; fileEncoding = 4; lastKnownFileType = sourcecode.swift; path = RobotNameTest.swift; sourceTree = "<group>"; };
		72A6BF5F1CA57D4A00136343 /* RobotName.swift */ = {isa = PBXFileReference; fileEncoding = 4; lastKnownFileType = sourcecode.swift; path = RobotName.swift; sourceTree = "<group>"; };
		72A6BF621CA6BFCF00136343 /* PerfectNumbersTest.swift */ = {isa = PBXFileReference; fileEncoding = 4; lastKnownFileType = sourcecode.swift; path = PerfectNumbersTest.swift; sourceTree = "<group>"; };
		72A6BF631CA6BFCF00136343 /* README.md */ = {isa = PBXFileReference; fileEncoding = 4; lastKnownFileType = net.daringfireball.markdown; path = README.md; sourceTree = "<group>"; };
		72A6BF661CA6C0B200136343 /* NumberClassifier.swift */ = {isa = PBXFileReference; fileEncoding = 4; lastKnownFileType = sourcecode.swift; path = NumberClassifier.swift; sourceTree = "<group>"; };
		72D30E101C9F0DF30005AD19 /* PhoneNumberTest.swift */ = {isa = PBXFileReference; fileEncoding = 4; lastKnownFileType = sourcecode.swift; path = PhoneNumberTest.swift; sourceTree = "<group>"; };
		72D30E111C9F0DF30005AD19 /* README.md */ = {isa = PBXFileReference; fileEncoding = 4; lastKnownFileType = net.daringfireball.markdown; path = README.md; sourceTree = "<group>"; };
		72D30E141C9F0E130005AD19 /* PhoneNumber.swift */ = {isa = PBXFileReference; fileEncoding = 4; lastKnownFileType = sourcecode.swift; path = PhoneNumber.swift; sourceTree = "<group>"; };
/* End PBXFileReference section */

/* Begin PBXFrameworksBuildPhase section */
		7297798D1C977354002092A9 /* Frameworks */ = {
			isa = PBXFrameworksBuildPhase;
			buildActionMask = 2147483647;
			files = (
			);
			runOnlyForDeploymentPostprocessing = 0;
		};
		729779A11C977355002092A9 /* Frameworks */ = {
			isa = PBXFrameworksBuildPhase;
			buildActionMask = 2147483647;
			files = (
			);
			runOnlyForDeploymentPostprocessing = 0;
		};
/* End PBXFrameworksBuildPhase section */

/* Begin PBXGroup section */
		724EC5411CA1AE2F00D2159D /* grade-school */ = {
			isa = PBXGroup;
			children = (
				724EC5421CA1AE2F00D2159D /* GradeSchoolTest.swift */,
				724EC5431CA1AE2F00D2159D /* README.md */,
				724EC5461CA1AE5900D2159D /* GradeSchool.swift */,
			);
			path = "grade-school";
			sourceTree = "<group>";
		};
		729779871C977353002092A9 = {
			isa = PBXGroup;
			children = (
				729779921C977354002092A9 /* MyExercismSwift */,
				729779A71C977355002092A9 /* MyExercismSwiftTests */,
				729779911C977354002092A9 /* Products */,
			);
			sourceTree = "<group>";
		};
		729779911C977354002092A9 /* Products */ = {
			isa = PBXGroup;
			children = (
				729779901C977354002092A9 /* MyExercismSwift.app */,
				729779A41C977355002092A9 /* MyExercismSwiftTests.xctest */,
			);
			name = Products;
			sourceTree = "<group>";
		};
		729779921C977354002092A9 /* MyExercismSwift */ = {
			isa = PBXGroup;
			children = (
				729779931C977354002092A9 /* AppDelegate.swift */,
				729779951C977354002092A9 /* ViewController.swift */,
				729779971C977354002092A9 /* Main.storyboard */,
				7297799A1C977354002092A9 /* Assets.xcassets */,
				7297799C1C977354002092A9 /* LaunchScreen.storyboard */,
				7297799F1C977354002092A9 /* Info.plist */,
			);
			path = MyExercismSwift;
			sourceTree = "<group>";
		};
		729779A71C977355002092A9 /* MyExercismSwiftTests */ = {
			isa = PBXGroup;
			children = (
				72A6BF611CA6BFCF00136343 /* perfect-numbers */,
				72A6BF5A1CA57D1A00136343 /* robot-name */,
				724EC5411CA1AE2F00D2159D /* grade-school */,
				72D30E0F1C9F0DF30005AD19 /* phone-number */,
				729779DF1C9DAAF9002092A9 /* nucleotide-count */,
				729779D81C9C4A6A002092A9 /* anagram */,
				729779D11C9C3BD1002092A9 /* etl */,
				729779CA1C9AEAE4002092A9 /* word-count */,
				729779C31C977774002092A9 /* hamming */,
				729779B91C97769E002092A9 /* leap */,
				729779B61C97755F002092A9 /* MyExercismSwiftTests.swift */,
				729779AA1C977355002092A9 /* Info.plist */,
			);
			path = MyExercismSwiftTests;
			sourceTree = "<group>";
		};
		729779B91C97769E002092A9 /* leap */ = {
			isa = PBXGroup;
			children = (
				729779BA1C9776AA002092A9 /* LeapTest.swift */,
				729779BB1C9776AA002092A9 /* README.md */,
				729779BC1C9776AA002092A9 /* Year.swift */,
			);
			name = leap;
			sourceTree = "<group>";
		};
		729779C31C977774002092A9 /* hamming */ = {
			isa = PBXGroup;
			children = (
				729779C41C977774002092A9 /* HammingTest.swift */,
				729779C51C977774002092A9 /* README.md */,
				729779C81C986E56002092A9 /* Hamming.swift */,
			);
			path = hamming;
			sourceTree = "<group>";
		};
		729779CA1C9AEAE4002092A9 /* word-count */ = {
			isa = PBXGroup;
			children = (
				729779CB1C9AEAE4002092A9 /* README.md */,
				729779CC1C9AEAE4002092A9 /* WordCountTest.swift */,
				729779CF1C9AEB04002092A9 /* WordCount.swift */,
			);
			path = "word-count";
			sourceTree = "<group>";
		};
		729779D11C9C3BD1002092A9 /* etl */ = {
			isa = PBXGroup;
			children = (
				729779D21C9C3BD1002092A9 /* EtlTest.swift */,
				729779D31C9C3BD1002092A9 /* README.md */,
				729779D61C9C3C75002092A9 /* Etl.swift */,
			);
			path = etl;
			sourceTree = "<group>";
		};
		729779D81C9C4A6A002092A9 /* anagram */ = {
			isa = PBXGroup;
			children = (
				729779D91C9C4A6A002092A9 /* AnagramTest.swift */,
				729779DA1C9C4A6A002092A9 /* README.md */,
				729779DD1C9C4AFC002092A9 /* Anagram.swift */,
			);
			path = anagram;
			sourceTree = "<group>";
		};
		729779DF1C9DAAF9002092A9 /* nucleotide-count */ = {
			isa = PBXGroup;
			children = (
				729779E01C9DAAF9002092A9 /* NucleotideCountTest.swift */,
				729779E11C9DAAF9002092A9 /* README.md */,
				729779E41C9DAB26002092A9 /* NucleotideCount.swift */,
			);
			path = "nucleotide-count";
			sourceTree = "<group>";
		};
		72A6BF5A1CA57D1A00136343 /* robot-name */ = {
			isa = PBXGroup;
			children = (
				72A6BF5B1CA57D1A00136343 /* README.md */,
				72A6BF5C1CA57D1A00136343 /* RobotNameTest.swift */,
				72A6BF5F1CA57D4A00136343 /* RobotName.swift */,
			);
			path = "robot-name";
			sourceTree = "<group>";
		};
		72A6BF611CA6BFCF00136343 /* perfect-numbers */ = {
			isa = PBXGroup;
			children = (
				72A6BF621CA6BFCF00136343 /* PerfectNumbersTest.swift */,
				72A6BF631CA6BFCF00136343 /* README.md */,
				72A6BF661CA6C0B200136343 /* NumberClassifier.swift */,
			);
			path = "perfect-numbers";
			sourceTree = "<group>";
		};
		72D30E0F1C9F0DF30005AD19 /* phone-number */ = {
			isa = PBXGroup;
			children = (
				72D30E101C9F0DF30005AD19 /* PhoneNumberTest.swift */,
				72D30E111C9F0DF30005AD19 /* README.md */,
				72D30E141C9F0E130005AD19 /* PhoneNumber.swift */,
			);
			path = "phone-number";
			sourceTree = "<group>";
		};
/* End PBXGroup section */

/* Begin PBXNativeTarget section */
		7297798F1C977354002092A9 /* MyExercismSwift */ = {
			isa = PBXNativeTarget;
			buildConfigurationList = 729779AD1C977355002092A9 /* Build configuration list for PBXNativeTarget "MyExercismSwift" */;
			buildPhases = (
				7297798C1C977354002092A9 /* Sources */,
				7297798D1C977354002092A9 /* Frameworks */,
				7297798E1C977354002092A9 /* Resources */,
			);
			buildRules = (
			);
			dependencies = (
			);
			name = MyExercismSwift;
			productName = MyExercismSwift;
			productReference = 729779901C977354002092A9 /* MyExercismSwift.app */;
			productType = "com.apple.product-type.application";
		};
		729779A31C977355002092A9 /* MyExercismSwiftTests */ = {
			isa = PBXNativeTarget;
			buildConfigurationList = 729779B01C977355002092A9 /* Build configuration list for PBXNativeTarget "MyExercismSwiftTests" */;
			buildPhases = (
				729779A01C977355002092A9 /* Sources */,
				729779A11C977355002092A9 /* Frameworks */,
				729779A21C977355002092A9 /* Resources */,
			);
			buildRules = (
			);
			dependencies = (
				729779A61C977355002092A9 /* PBXTargetDependency */,
			);
			name = MyExercismSwiftTests;
			productName = MyExercismSwiftTests;
			productReference = 729779A41C977355002092A9 /* MyExercismSwiftTests.xctest */;
			productType = "com.apple.product-type.bundle.unit-test";
		};
/* End PBXNativeTarget section */

/* Begin PBXProject section */
		729779881C977353002092A9 /* Project object */ = {
			isa = PBXProject;
			attributes = {
				LastSwiftUpdateCheck = 0720;
				LastUpgradeCheck = 0720;
				ORGANIZATIONNAME = kazucocoa;
				TargetAttributes = {
					7297798F1C977354002092A9 = {
						CreatedOnToolsVersion = 7.2.1;
						DevelopmentTeam = 47PCFA586Q;
					};
					729779A31C977355002092A9 = {
						CreatedOnToolsVersion = 7.2.1;
						DevelopmentTeam = 47PCFA586Q;
						TestTargetID = 7297798F1C977354002092A9;
					};
				};
			};
			buildConfigurationList = 7297798B1C977353002092A9 /* Build configuration list for PBXProject "MyExercismSwift" */;
			compatibilityVersion = "Xcode 3.2";
			developmentRegion = English;
			hasScannedForEncodings = 0;
			knownRegions = (
				en,
				Base,
			);
			mainGroup = 729779871C977353002092A9;
			productRefGroup = 729779911C977354002092A9 /* Products */;
			projectDirPath = "";
			projectRoot = "";
			targets = (
				7297798F1C977354002092A9 /* MyExercismSwift */,
				729779A31C977355002092A9 /* MyExercismSwiftTests */,
			);
		};
/* End PBXProject section */

/* Begin PBXResourcesBuildPhase section */
		7297798E1C977354002092A9 /* Resources */ = {
			isa = PBXResourcesBuildPhase;
			buildActionMask = 2147483647;
			files = (
				7297799E1C977354002092A9 /* LaunchScreen.storyboard in Resources */,
				7297799B1C977354002092A9 /* Assets.xcassets in Resources */,
				729779991C977354002092A9 /* Main.storyboard in Resources */,
			);
			runOnlyForDeploymentPostprocessing = 0;
		};
		729779A21C977355002092A9 /* Resources */ = {
			isa = PBXResourcesBuildPhase;
			buildActionMask = 2147483647;
			files = (
			);
			runOnlyForDeploymentPostprocessing = 0;
		};
/* End PBXResourcesBuildPhase section */

/* Begin PBXSourcesBuildPhase section */
		7297798C1C977354002092A9 /* Sources */ = {
			isa = PBXSourcesBuildPhase;
			buildActionMask = 2147483647;
			files = (
				729779961C977354002092A9 /* ViewController.swift in Sources */,
				729779941C977354002092A9 /* AppDelegate.swift in Sources */,
			);
			runOnlyForDeploymentPostprocessing = 0;
		};
		729779A01C977355002092A9 /* Sources */ = {
			isa = PBXSourcesBuildPhase;
			buildActionMask = 2147483647;
			files = (
				729779C71C977774002092A9 /* README.md in Sources */,
				72A6BF601CA57D4A00136343 /* RobotName.swift in Sources */,
				724EC5441CA1AE2F00D2159D /* GradeSchoolTest.swift in Sources */,
				729779BD1C9776AA002092A9 /* LeapTest.swift in Sources */,
				729779C61C977774002092A9 /* HammingTest.swift in Sources */,
				72A6BF5D1CA57D1A00136343 /* README.md in Sources */,
				72D30E131C9F0DF30005AD19 /* README.md in Sources */,
				72D30E121C9F0DF30005AD19 /* PhoneNumberTest.swift in Sources */,
				724EC5451CA1AE2F00D2159D /* README.md in Sources */,
				729779DB1C9C4A6A002092A9 /* AnagramTest.swift in Sources */,
				729779CE1C9AEAE4002092A9 /* WordCountTest.swift in Sources */,
				729779BF1C9776AA002092A9 /* Year.swift in Sources */,
				72A6BF651CA6BFCF00136343 /* README.md in Sources */,
				724EC5471CA1AE5900D2159D /* GradeSchool.swift in Sources */,
				729779E31C9DAAF9002092A9 /* README.md in Sources */,
				729779D41C9C3BD1002092A9 /* EtlTest.swift in Sources */,
				729779D51C9C3BD1002092A9 /* README.md in Sources */,
				72A6BF5E1CA57D1A00136343 /* RobotNameTest.swift in Sources */,
				72D30E151C9F0E130005AD19 /* PhoneNumber.swift in Sources */,
				729779E51C9DAB26002092A9 /* NucleotideCount.swift in Sources */,
				729779D01C9AEB04002092A9 /* WordCount.swift in Sources */,
				729779BE1C9776AA002092A9 /* README.md in Sources */,
				72A6BF641CA6BFCF00136343 /* PerfectNumbersTest.swift in Sources */,
				72A6BF671CA6C0B200136343 /* NumberClassifier.swift in Sources */,
				729779E21C9DAAF9002092A9 /* NucleotideCountTest.swift in Sources */,
				729779C91C986E57002092A9 /* Hamming.swift in Sources */,
				729779CD1C9AEAE4002092A9 /* README.md in Sources */,
				729779DC1C9C4A6A002092A9 /* README.md in Sources */,
				729779B71C97755F002092A9 /* MyExercismSwiftTests.swift in Sources */,
				729779D71C9C3C75002092A9 /* Etl.swift in Sources */,
				729779DE1C9C4AFC002092A9 /* Anagram.swift in Sources */,
			);
			runOnlyForDeploymentPostprocessing = 0;
		};
/* End PBXSourcesBuildPhase section */

/* Begin PBXTargetDependency section */
		729779A61C977355002092A9 /* PBXTargetDependency */ = {
			isa = PBXTargetDependency;
			target = 7297798F1C977354002092A9 /* MyExercismSwift */;
			targetProxy = 729779A51C977355002092A9 /* PBXContainerItemProxy */;
		};
/* End PBXTargetDependency section */

/* Begin PBXVariantGroup section */
		729779971C977354002092A9 /* Main.storyboard */ = {
			isa = PBXVariantGroup;
			children = (
				729779981C977354002092A9 /* Base */,
			);
			name = Main.storyboard;
			sourceTree = "<group>";
		};
		7297799C1C977354002092A9 /* LaunchScreen.storyboard */ = {
			isa = PBXVariantGroup;
			children = (
				7297799D1C977354002092A9 /* Base */,
			);
			name = LaunchScreen.storyboard;
			sourceTree = "<group>";
		};
/* End PBXVariantGroup section */

/* Begin XCBuildConfiguration section */
		729779AB1C977355002092A9 /* Debug */ = {
			isa = XCBuildConfiguration;
			buildSettings = {
				ALWAYS_SEARCH_USER_PATHS = NO;
				CLANG_CXX_LANGUAGE_STANDARD = "gnu++0x";
				CLANG_CXX_LIBRARY = "libc++";
				CLANG_ENABLE_MODULES = YES;
				CLANG_ENABLE_OBJC_ARC = YES;
				CLANG_WARN_BOOL_CONVERSION = YES;
				CLANG_WARN_CONSTANT_CONVERSION = YES;
				CLANG_WARN_DIRECT_OBJC_ISA_USAGE = YES_ERROR;
				CLANG_WARN_EMPTY_BODY = YES;
				CLANG_WARN_ENUM_CONVERSION = YES;
				CLANG_WARN_INT_CONVERSION = YES;
				CLANG_WARN_OBJC_ROOT_CLASS = YES_ERROR;
				CLANG_WARN_UNREACHABLE_CODE = YES;
				CLANG_WARN__DUPLICATE_METHOD_MATCH = YES;
				"CODE_SIGN_IDENTITY[sdk=iphoneos*]" = "iPhone Developer";
				COPY_PHASE_STRIP = NO;
				DEBUG_INFORMATION_FORMAT = dwarf;
				ENABLE_STRICT_OBJC_MSGSEND = YES;
				ENABLE_TESTABILITY = YES;
				GCC_C_LANGUAGE_STANDARD = gnu99;
				GCC_DYNAMIC_NO_PIC = NO;
				GCC_NO_COMMON_BLOCKS = YES;
				GCC_OPTIMIZATION_LEVEL = 0;
				GCC_PREPROCESSOR_DEFINITIONS = (
					"DEBUG=1",
					"$(inherited)",
				);
				GCC_WARN_64_TO_32_BIT_CONVERSION = YES;
				GCC_WARN_ABOUT_RETURN_TYPE = YES_ERROR;
				GCC_WARN_UNDECLARED_SELECTOR = YES;
				GCC_WARN_UNINITIALIZED_AUTOS = YES_AGGRESSIVE;
				GCC_WARN_UNUSED_FUNCTION = YES;
				GCC_WARN_UNUSED_VARIABLE = YES;
				IPHONEOS_DEPLOYMENT_TARGET = 9.2;
				MTL_ENABLE_DEBUG_INFO = YES;
				ONLY_ACTIVE_ARCH = YES;
				SDKROOT = iphoneos;
				SWIFT_OPTIMIZATION_LEVEL = "-Onone";
				TARGETED_DEVICE_FAMILY = "1,2";
			};
			name = Debug;
		};
		729779AC1C977355002092A9 /* Release */ = {
			isa = XCBuildConfiguration;
			buildSettings = {
				ALWAYS_SEARCH_USER_PATHS = NO;
				CLANG_CXX_LANGUAGE_STANDARD = "gnu++0x";
				CLANG_CXX_LIBRARY = "libc++";
				CLANG_ENABLE_MODULES = YES;
				CLANG_ENABLE_OBJC_ARC = YES;
				CLANG_WARN_BOOL_CONVERSION = YES;
				CLANG_WARN_CONSTANT_CONVERSION = YES;
				CLANG_WARN_DIRECT_OBJC_ISA_USAGE = YES_ERROR;
				CLANG_WARN_EMPTY_BODY = YES;
				CLANG_WARN_ENUM_CONVERSION = YES;
				CLANG_WARN_INT_CONVERSION = YES;
				CLANG_WARN_OBJC_ROOT_CLASS = YES_ERROR;
				CLANG_WARN_UNREACHABLE_CODE = YES;
				CLANG_WARN__DUPLICATE_METHOD_MATCH = YES;
				"CODE_SIGN_IDENTITY[sdk=iphoneos*]" = "iPhone Developer";
				COPY_PHASE_STRIP = NO;
				DEBUG_INFORMATION_FORMAT = "dwarf-with-dsym";
				ENABLE_NS_ASSERTIONS = NO;
				ENABLE_STRICT_OBJC_MSGSEND = YES;
				GCC_C_LANGUAGE_STANDARD = gnu99;
				GCC_NO_COMMON_BLOCKS = YES;
				GCC_WARN_64_TO_32_BIT_CONVERSION = YES;
				GCC_WARN_ABOUT_RETURN_TYPE = YES_ERROR;
				GCC_WARN_UNDECLARED_SELECTOR = YES;
				GCC_WARN_UNINITIALIZED_AUTOS = YES_AGGRESSIVE;
				GCC_WARN_UNUSED_FUNCTION = YES;
				GCC_WARN_UNUSED_VARIABLE = YES;
				IPHONEOS_DEPLOYMENT_TARGET = 9.2;
				MTL_ENABLE_DEBUG_INFO = NO;
				SDKROOT = iphoneos;
				TARGETED_DEVICE_FAMILY = "1,2";
				VALIDATE_PRODUCT = YES;
			};
			name = Release;
		};
		729779AE1C977355002092A9 /* Debug */ = {
			isa = XCBuildConfiguration;
			buildSettings = {
				ASSETCATALOG_COMPILER_APPICON_NAME = AppIcon;
				INFOPLIST_FILE = MyExercismSwift/Info.plist;
				LD_RUNPATH_SEARCH_PATHS = "$(inherited) @executable_path/Frameworks";
				PRODUCT_BUNDLE_IDENTIFIER = com.kazucocoa.example.MyExercismSwift;
				PRODUCT_NAME = "$(TARGET_NAME)";
			};
			name = Debug;
		};
		729779AF1C977355002092A9 /* Release */ = {
			isa = XCBuildConfiguration;
			buildSettings = {
				ASSETCATALOG_COMPILER_APPICON_NAME = AppIcon;
				INFOPLIST_FILE = MyExercismSwift/Info.plist;
				LD_RUNPATH_SEARCH_PATHS = "$(inherited) @executable_path/Frameworks";
				PRODUCT_BUNDLE_IDENTIFIER = com.kazucocoa.example.MyExercismSwift;
				PRODUCT_NAME = "$(TARGET_NAME)";
			};
			name = Release;
		};
		729779B11C977355002092A9 /* Debug */ = {
			isa = XCBuildConfiguration;
			buildSettings = {
				BUNDLE_LOADER = "$(TEST_HOST)";
				CLANG_ENABLE_MODULES = YES;
				INFOPLIST_FILE = MyExercismSwiftTests/Info.plist;
				LD_RUNPATH_SEARCH_PATHS = "$(inherited) @executable_path/Frameworks @loader_path/Frameworks";
				PRODUCT_BUNDLE_IDENTIFIER = com.kazucocoa.example.MyExercismSwiftTests;
				PRODUCT_NAME = "$(TARGET_NAME)";
				SWIFT_OBJC_BRIDGING_HEADER = "";
				SWIFT_OPTIMIZATION_LEVEL = "-Onone";
				TEST_HOST = "$(BUILT_PRODUCTS_DIR)/MyExercismSwift.app/MyExercismSwift";
			};
			name = Debug;
		};
		729779B21C977355002092A9 /* Release */ = {
			isa = XCBuildConfiguration;
			buildSettings = {
				BUNDLE_LOADER = "$(TEST_HOST)";
				CLANG_ENABLE_MODULES = YES;
				INFOPLIST_FILE = MyExercismSwiftTests/Info.plist;
				LD_RUNPATH_SEARCH_PATHS = "$(inherited) @executable_path/Frameworks @loader_path/Frameworks";
				PRODUCT_BUNDLE_IDENTIFIER = com.kazucocoa.example.MyExercismSwiftTests;
				PRODUCT_NAME = "$(TARGET_NAME)";
				SWIFT_OBJC_BRIDGING_HEADER = "";
				TEST_HOST = "$(BUILT_PRODUCTS_DIR)/MyExercismSwift.app/MyExercismSwift";
			};
			name = Release;
		};
/* End XCBuildConfiguration section */

/* Begin XCConfigurationList section */
		7297798B1C977353002092A9 /* Build configuration list for PBXProject "MyExercismSwift" */ = {
			isa = XCConfigurationList;
			buildConfigurations = (
				729779AB1C977355002092A9 /* Debug */,
				729779AC1C977355002092A9 /* Release */,
			);
			defaultConfigurationIsVisible = 0;
			defaultConfigurationName = Release;
		};
		729779AD1C977355002092A9 /* Build configuration list for PBXNativeTarget "MyExercismSwift" */ = {
			isa = XCConfigurationList;
			buildConfigurations = (
				729779AE1C977355002092A9 /* Debug */,
				729779AF1C977355002092A9 /* Release */,
			);
			defaultConfigurationIsVisible = 0;
			defaultConfigurationName = Release;
		};
		729779B01C977355002092A9 /* Build configuration list for PBXNativeTarget "MyExercismSwiftTests" */ = {
			isa = XCConfigurationList;
			buildConfigurations = (
				729779B11C977355002092A9 /* Debug */,
				729779B21C977355002092A9 /* Release */,
			);
			defaultConfigurationIsVisible = 0;
			defaultConfigurationName = Release;
		};
/* End XCConfigurationList section */
	};
	rootObject = 729779881C977353002092A9 /* Project object */;
}
